
Microsoft Visual Studio Solution File, Format Version 12.00
# Visual Studio 15
VisualStudioVersion = 15.0.28307.1300
MinimumVisualStudioVersion = 10.0.40219.1
Project("{FAE04EC0-301F-11D3-BF4B-00C04F79EFBC}") = "RotinaCambioBank", "RotinaCambioBank\RotinaCambioBank.csproj", "{0C0DD78E-D1AB-4E85-9F20-C01266BD98FC}"
EndProject
Global
	GlobalSection(SolutionConfigurationPlatforms) = preSolution
		Debug|Any CPU = Debug|Any CPU
		Release|Any CPU = Release|Any CPU
	EndGlobalSection
	GlobalSection(ProjectConfigurationPlatforms) = postSolution
		{0C0DD78E-D1AB-4E85-9F20-C01266BD98FC}.Debug|Any CPU.ActiveCfg = Debug|Any CPU
		{0C0DD78E-D1AB-4E85-9F20-C01266BD98FC}.Debug|Any CPU.Build.0 = Debug|Any CPU
		{0C0DD78E-D1AB-4E85-9F20-C01266BD98FC}.Release|Any CPU.ActiveCfg = Release|Any CPU
		{0C0DD78E-D1AB-4E85-9F20-C01266BD98FC}.Release|Any CPU.Build.0 = Release|Any CPU
	EndGlobalSection
	GlobalSection(SolutionProperties) = preSolution
		HideSolutionNode = FALSE
	EndGlobalSection
	GlobalSection(ExtensibilityGlobals) = postSolution
		SolutionGuid = {9215FC05-57A6-49C8-B899-93EA85AA979C}
	EndGlobalSection
EndGlobal
